
Microsoft Visual Studio Solution File, Format Version 11.00
# Visual C++ Express 2010
Project("{8BC9CEB8-8B4A-11D0-8D11-00A0C91BC942}") = "SimpleApplication", "VCProjects\Demos\SimpleApplication\SimpleApplication.vcxproj", "{776D79FF-43E8-4089-8E4B-A597CA814C39}"
EndProject
Global
	GlobalSection(SolutionConfigurationPlatforms) = preSolution
		Debug|Win32 = Debug|Win32
		Release|Win32 = Release|Win32
	EndGlobalSection
	GlobalSection(ProjectConfigurationPlatforms) = postSolution
		{776D79FF-43E8-4089-8E4B-A597CA814C39}.Debug|Win32.ActiveCfg = Debug|Win32
		{776D79FF-43E8-4089-8E4B-A597CA814C39}.Debug|Win32.Build.0 = Debug|Win32
		{776D79FF-43E8-4089-8E4B-A597CA814C39}.Release|Win32.ActiveCfg = Release|Win32
		{776D79FF-43E8-4089-8E4B-A597CA814C39}.Release|Win32.Build.0 = Release|Win32
	EndGlobalSection
	GlobalSection(SolutionProperties) = preSolution
		HideSolutionNode = FALSE
	EndGlobalSection
EndGlobal
