Microsoft Visual Studio Solution File, Format Version 11.00
# Visual C++ Express 2010
Project("{8BC9CEB8-8B4A-11D0-8D11-00A0C91BC942}") = "Engine", "VCProjects\Engine\Engine.vcxproj", "{0AA48FA6-E242-4607-85FE-DE49D04EEFEB}"
EndProject
Project("{8BC9CEB8-8B4A-11D0-8D11-00A0C91BC942}") = "Exporter", "VCProjects\Exporter\Exporter.vcxproj", "{6E530F66-9461-44F1-AEFA-ECF3298C7097}"
	ProjectSection(ProjectDependencies) = postProject
		{0AA48FA6-E242-4607-85FE-DE49D04EEFEB} = {0AA48FA6-E242-4607-85FE-DE49D04EEFEB}
	EndProjectSection
EndProject
Project("{8BC9CEB8-8B4A-11D0-8D11-00A0C91BC942}") = "Windows", "VCProjects\Platforms\Windows\Windows.vcxproj", "{13E8FB86-DEB4-4587-B39D-C5CB66440817}"
	ProjectSection(ProjectDependencies) = postProject
		{0AA48FA6-E242-4607-85FE-DE49D04EEFEB} = {0AA48FA6-E242-4607-85FE-DE49D04EEFEB}
	EndProjectSection
EndProject
Global
	GlobalSection(SolutionConfigurationPlatforms) = preSolution
		Debug|Win32 = Debug|Win32
		Release|Win32 = Release|Win32
	EndGlobalSection
	GlobalSection(ProjectConfigurationPlatforms) = postSolution
		{0AA48FA6-E242-4607-85FE-DE49D04EEFEB}.Debug|Win32.ActiveCfg = Debug|Win32
		{0AA48FA6-E242-4607-85FE-DE49D04EEFEB}.Debug|Win32.Build.0 = Debug|Win32
		{0AA48FA6-E242-4607-85FE-DE49D04EEFEB}.Release|Win32.ActiveCfg = Release|Win32
		{0AA48FA6-E242-4607-85FE-DE49D04EEFEB}.Release|Win32.Build.0 = Release|Win32
		{6E530F66-9461-44F1-AEFA-ECF3298C7097}.Debug|Win32.ActiveCfg = Debug|Win32
		{6E530F66-9461-44F1-AEFA-ECF3298C7097}.Debug|Win32.Build.0 = Debug|Win32
		{6E530F66-9461-44F1-AEFA-ECF3298C7097}.Release|Win32.ActiveCfg = Release|Win32
		{6E530F66-9461-44F1-AEFA-ECF3298C7097}.Release|Win32.Build.0 = Release|Win32
		{13E8FB86-DEB4-4587-B39D-C5CB66440817}.Debug|Win32.ActiveCfg = Debug|Win32
		{13E8FB86-DEB4-4587-B39D-C5CB66440817}.Debug|Win32.Build.0 = Debug|Win32
		{13E8FB86-DEB4-4587-B39D-C5CB66440817}.Release|Win32.ActiveCfg = Release|Win32
		{13E8FB86-DEB4-4587-B39D-C5CB66440817}.Release|Win32.Build.0 = Release|Win32
	EndGlobalSection
	GlobalSection(SolutionProperties) = preSolution
		HideSolutionNode = FALSE
	EndGlobalSection
EndGlobal
