<?xml version="1.0" encoding="utf-8"?>
<Project ToolsVersion="4.0" xmlns="http://schemas.microsoft.com/developer/msbuild/2003">
  <ItemGroup>
    <ClInclude Include="..\..\Source\Exporter\RawMeshData.h" />
    <ClInclude Include="..\..\Source\Exporter\DummyTextureFactory.h" />
    <ClInclude Include="..\..\Source\Exporter\Exporter.h" />
    <ClInclude Include="..\..\Source\Exporter\NVMeshMender.h" />
  </ItemGroup>
  <ItemGroup>
    <ClCompile Include="..\..\Source\Exporter\DummyTextureFactory.cpp" />
    <ClCompile Include="..\..\Source\Exporter\Exporter.cpp" />
    <ClCompile Include="..\..\Source\Exporter\Main.cpp" />
    <ClCompile Include="..\..\Source\Exporter\NVMeshMender.cpp" />
    <ClCompile Include="..\..\Source\Exporter\RawMeshData.cpp" />
  </ItemGroup>
</Project>